
Microsoft Visual Studio Solution File, Format Version 12.00
# Visual Studio Version 16
VisualStudioVersion = 16.0.29020.237
MinimumVisualStudioVersion = 10.0.40219.1
Project("{9A19103F-16F7-4668-BE54-9A1E7A4F7556}") = "SFA.DAS.UI.Framework", "SFA.DAS.UI.Framework\SFA.DAS.UI.Framework.csproj", "{AFFF6638-BD32-41D3-8CB6-9D10139575D5}"
EndProject
Project("{9A19103F-16F7-4668-BE54-9A1E7A4F7556}") = "SFA.DAS.UI.FrameworkHelpers", "SFA.DAS.UI.FrameworkHelpers\SFA.DAS.UI.FrameworkHelpers.csproj", "{707EC22F-0EA2-415E-ABDB-6A101A4922E5}"
EndProject
Project("{9A19103F-16F7-4668-BE54-9A1E7A4F7556}") = "SFA.DAS.TestProject.UITests", "SFA.DAS.TestProject.UITests\SFA.DAS.TestProject.UITests.csproj", "{941F5042-9280-44F2-BFD3-B54A2F5DCE3E}"
EndProject
Project("{2150E333-8FDC-42A3-9474-1A3956D46DE8}") = "Common", "Common", "{FC4EA916-845D-4BCB-9F27-F95C653AB289}"
	ProjectSection(SolutionItems) = preProject
		NUnitConfigurator.cs = NUnitConfigurator.cs
		specflow.json = specflow.json
	EndProjectSection
EndProject
Project("{FAE04EC0-301F-11D3-BF4B-00C04F79EFBC}") = "SFA.DAS.PocProject.UITests", "SFA.DAS.PocProject.UITests\SFA.DAS.PocProject.UITests.csproj", "{F25CA55A-58D3-4E7D-AD87-E71623DE14DE}"
EndProject
Global
	GlobalSection(SolutionConfigurationPlatforms) = preSolution
		Debug|Any CPU = Debug|Any CPU
		Development|Any CPU = Development|Any CPU
		Release|Any CPU = Release|Any CPU
	EndGlobalSection
	GlobalSection(ProjectConfigurationPlatforms) = postSolution
		{AFFF6638-BD32-41D3-8CB6-9D10139575D5}.Debug|Any CPU.ActiveCfg = Debug|Any CPU
		{AFFF6638-BD32-41D3-8CB6-9D10139575D5}.Debug|Any CPU.Build.0 = Debug|Any CPU
		{AFFF6638-BD32-41D3-8CB6-9D10139575D5}.Development|Any CPU.ActiveCfg = Development|Any CPU
		{AFFF6638-BD32-41D3-8CB6-9D10139575D5}.Development|Any CPU.Build.0 = Development|Any CPU
		{AFFF6638-BD32-41D3-8CB6-9D10139575D5}.Release|Any CPU.ActiveCfg = Release|Any CPU
		{AFFF6638-BD32-41D3-8CB6-9D10139575D5}.Release|Any CPU.Build.0 = Release|Any CPU
		{707EC22F-0EA2-415E-ABDB-6A101A4922E5}.Debug|Any CPU.ActiveCfg = Debug|Any CPU
		{707EC22F-0EA2-415E-ABDB-6A101A4922E5}.Debug|Any CPU.Build.0 = Debug|Any CPU
		{707EC22F-0EA2-415E-ABDB-6A101A4922E5}.Development|Any CPU.ActiveCfg = Debug|Any CPU
		{707EC22F-0EA2-415E-ABDB-6A101A4922E5}.Development|Any CPU.Build.0 = Debug|Any CPU
		{707EC22F-0EA2-415E-ABDB-6A101A4922E5}.Release|Any CPU.ActiveCfg = Release|Any CPU
		{707EC22F-0EA2-415E-ABDB-6A101A4922E5}.Release|Any CPU.Build.0 = Release|Any CPU
		{941F5042-9280-44F2-BFD3-B54A2F5DCE3E}.Debug|Any CPU.ActiveCfg = Debug|Any CPU
		{941F5042-9280-44F2-BFD3-B54A2F5DCE3E}.Debug|Any CPU.Build.0 = Debug|Any CPU
		{941F5042-9280-44F2-BFD3-B54A2F5DCE3E}.Development|Any CPU.ActiveCfg = Debug|Any CPU
		{941F5042-9280-44F2-BFD3-B54A2F5DCE3E}.Development|Any CPU.Build.0 = Debug|Any CPU
		{941F5042-9280-44F2-BFD3-B54A2F5DCE3E}.Release|Any CPU.ActiveCfg = Release|Any CPU
		{941F5042-9280-44F2-BFD3-B54A2F5DCE3E}.Release|Any CPU.Build.0 = Release|Any CPU
		{F25CA55A-58D3-4E7D-AD87-E71623DE14DE}.Debug|Any CPU.ActiveCfg = Debug|Any CPU
		{F25CA55A-58D3-4E7D-AD87-E71623DE14DE}.Debug|Any CPU.Build.0 = Debug|Any CPU
		{F25CA55A-58D3-4E7D-AD87-E71623DE14DE}.Development|Any CPU.ActiveCfg = Debug|Any CPU
		{F25CA55A-58D3-4E7D-AD87-E71623DE14DE}.Development|Any CPU.Build.0 = Debug|Any CPU
		{F25CA55A-58D3-4E7D-AD87-E71623DE14DE}.Release|Any CPU.ActiveCfg = Release|Any CPU
		{F25CA55A-58D3-4E7D-AD87-E71623DE14DE}.Release|Any CPU.Build.0 = Release|Any CPU
	EndGlobalSection
	GlobalSection(SolutionProperties) = preSolution
		HideSolutionNode = FALSE
	EndGlobalSection
	GlobalSection(ExtensibilityGlobals) = postSolution
		SolutionGuid = {4B7E7F47-C08F-4B67-BB6A-FFCED573D7BF}
	EndGlobalSection
EndGlobal
