Microsoft Visual Studio Solution File, Format Version 12.00
# Visual Studio Version 16
VisualStudioVersion = 16.0.29519.87
MinimumVisualStudioVersion = 10.0.40219.1
Project("{9A19103F-16F7-4668-BE54-9A1E7A4F7556}") = "SFA.DAS.UI.Framework", "SFA.DAS.UI.Framework\SFA.DAS.UI.Framework.csproj", "{AFFF6638-BD32-41D3-8CB6-9D10139575D5}"
EndProject
Project("{9A19103F-16F7-4668-BE54-9A1E7A4F7556}") = "SFA.DAS.UI.FrameworkHelpers", "SFA.DAS.UI.FrameworkHelpers\SFA.DAS.UI.FrameworkHelpers.csproj", "{707EC22F-0EA2-415E-ABDB-6A101A4922E5}"
EndProject
Project("{2150E333-8FDC-42A3-9474-1A3956D46DE8}") = "Framework", "Framework", "{FC4EA916-845D-4BCB-9F27-F95C653AB289}"
	ProjectSection(SolutionItems) = preProject
		NUnitConfigurator.cs = NUnitConfigurator.cs
		Sample.pdf = Sample.pdf
		specflow.json = specflow.json
	EndProjectSection
EndProject
Project("{9A19103F-16F7-4668-BE54-9A1E7A4F7556}") = "SFA.DAS.Registration.UITests", "SFA.DAS.Registration.UITests\SFA.DAS.Registration.UITests.csproj", "{F25CA55A-58D3-4E7D-AD87-E71623DE14DE}"
EndProject
Project("{9A19103F-16F7-4668-BE54-9A1E7A4F7556}") = "SFA.DAS.Approvals.UITests", "SFA.DAS.Approvals.UITests\SFA.DAS.Approvals.UITests.csproj", "{B286BCD8-7CEB-40BC-8FEB-4359734AA891}"
EndProject
Project("{9A19103F-16F7-4668-BE54-9A1E7A4F7556}") = "SFA.DAS.MongoDb.DataGenerator", "SFA.DAS.MongoDb.DataGenerator\SFA.DAS.MongoDb.DataGenerator.csproj", "{AB621F7D-E209-4F98-B4E7-2A155C23A216}"
EndProject
Project("{2150E333-8FDC-42A3-9474-1A3956D46DE8}") = "DataGenerator", "DataGenerator", "{6CBA241C-2191-4B98-9FBD-E493554506AD}"
EndProject
Project("{9A19103F-16F7-4668-BE54-9A1E7A4F7556}") = "SFA.DAS.RAA-V1.UITests", "SFA.DAS.RAA-V1.UITests\SFA.DAS.RAA-V1.UITests.csproj", "{AC429705-0AFC-4514-B95D-26132F808BD2}"
EndProject
Project("{9A19103F-16F7-4668-BE54-9A1E7A4F7556}") = "SFA.DAS.SupportConsole.UITests", "SFA.DAS.SupportConsole.UITests\SFA.DAS.SupportConsole.UITests.csproj", "{A5DE60F5-1566-4A97-AF3A-A67B55492545}"
EndProject
Project("{9A19103F-16F7-4668-BE54-9A1E7A4F7556}") = "SFA.DAS.FAT.UITests", "SFA.DAS.FAT.UITests\SFA.DAS.FAT.UITests.csproj", "{E31E62F5-B3E6-4680-9B83-403C2D6446C4}"
EndProject
Project("{9A19103F-16F7-4668-BE54-9A1E7A4F7556}") = "SFA.DAS.RAA-V2-Employer.UITests", "SFA.DAS.RAA-V2-Employer.UITests\SFA.DAS.RAA-V2-Employer.UITests.csproj", "{44D97E09-88AF-41D3-B3E8-2ED70AE86537}"
EndProject
Project("{9A19103F-16F7-4668-BE54-9A1E7A4F7556}") = "SFA.DAS.FAA.UITests", "SFA.DAS.FAA.UITests\SFA.DAS.FAA.UITests.csproj", "{7A48F55E-7AC3-49A4-8ECA-CC1E6798E386}"
EndProject
Project("{9A19103F-16F7-4668-BE54-9A1E7A4F7556}") = "SFA.DAS.EPAO.UITests", "SFA.DAS.EPAO.UITests\SFA.DAS.EPAO.UITests.csproj", "{FBCC5716-7238-436F-9F53-68B747D6B90C}"
EndProject
Project("{9A19103F-16F7-4668-BE54-9A1E7A4F7556}") = "SFA.DAS.RAA.DataGenerator", "SFA.DAS.RAA.DataGenerator\SFA.DAS.RAA.DataGenerator.csproj", "{86379061-BF96-404F-BB25-0497E760119A}"
EndProject
Project("{9A19103F-16F7-4668-BE54-9A1E7A4F7556}") = "SFA.DAS.ConfigurationBuilder", "SFA.DAS.ConfigurationBuilder\SFA.DAS.ConfigurationBuilder.csproj", "{0B0C470B-9E1B-4A2A-90A6-7E656A6FEE8A}"
EndProject
Project("{9A19103F-16F7-4668-BE54-9A1E7A4F7556}") = "SFA.DAS.PayeCreation.Tests", "SFA.DAS.PayeCreation.Tests\SFA.DAS.PayeCreation.Tests.csproj", "{10FB2B85-394F-4F16-AA16-9C0EDC757103}"
EndProject
Project("{9A19103F-16F7-4668-BE54-9A1E7A4F7556}") = "SFA.DAS.RAA-V2-Provider.UITests", "SFA.DAS.RAA-V2-Provider.UITests\SFA.DAS.RAA-V2-Provider.UITests.csproj", "{F00AD033-7D2F-4E30-AC8E-C25FA577D465}"
EndProject
Project("{9A19103F-16F7-4668-BE54-9A1E7A4F7556}") = "SFA.DAS.RAA-V2-QA.UITests", "SFA.DAS.RAA-V2-QA.UITests\SFA.DAS.RAA-V2-QA.UITests.csproj", "{A3DF08F3-2C4A-4936-9361-1EE67BF40570}"
EndProject
Project("{9A19103F-16F7-4668-BE54-9A1E7A4F7556}") = "SFA.DAS.ProviderLogin.Service", "SFA.DAS.ProviderLogin.Service\SFA.DAS.ProviderLogin.Service.csproj", "{E3ACBB12-FF2E-4359-B1E0-ADB092DFB2B6}"
EndProject
Project("{9A19103F-16F7-4668-BE54-9A1E7A4F7556}") = "SFA.DAS.Login.Service", "SFA.DAS.Login.Service\SFA.DAS.Login.Service.csproj", "{EE2D9F19-F39C-41EC-A63C-85104937C6A6}"
EndProject
Project("{2150E333-8FDC-42A3-9474-1A3956D46DE8}") = "Services", "Services", "{47528102-1EF0-4800-9DA4-B0BA5199E006}"
EndProject
Project("{9A19103F-16F7-4668-BE54-9A1E7A4F7556}") = "SFA.DAS.RAA-V2.Service", "SFA.DAS.RAA-V2.Service\SFA.DAS.RAA-V2.Service.csproj", "{CB73B0EC-E0B7-4586-99E3-ADBE71CD2219}"
EndProject
Project("{9A19103F-16F7-4668-BE54-9A1E7A4F7556}") = "SFA.DAS.Roatp.UITests", "SFA.DAS.Roatp.UITests\SFA.DAS.Roatp.UITests.csproj", "{88DA7118-3A27-4CA2-B1C4-71B9422D7EF3}"
EndProject
Project("{9A19103F-16F7-4668-BE54-9A1E7A4F7556}") = "SFA.DAS.IdamsLogin.Service", "SFA.DAS.IdamsLogin.Service\SFA.DAS.IdamsLogin.Service.csproj", "{A0756E1D-EA78-40B2-8A50-B9CC0FDA4FB1}"
EndProject
Project("{9A19103F-16F7-4668-BE54-9A1E7A4F7556}") = "SFA.DAS.EmployerFinance.UITests", "SFA.DAS.EmployerFinance.UITests\SFA.DAS.EmployerFinance.UITests.csproj", "{79AF36C8-C911-4D01-9554-C2AEB2744B3E}"
EndProject
Project("{9A19103F-16F7-4668-BE54-9A1E7A4F7556}") = "SFA.DAS.Campaigns.UITests", "SFA.DAS.Campaigns.UITests\SFA.DAS.Campaigns.UITests.csproj", "{E124937A-9FA3-495B-8FE4-B5771EC27726}"
EndProject
Project("{9A19103F-16F7-4668-BE54-9A1E7A4F7556}") = "SFA.DAS.TestDataExport", "SFA.DAS.TestDataExport\SFA.DAS.TestDataExport.csproj", "{9B5AD24F-2BC6-4BEF-AA30-1FA59B897377}"
EndProject
Project("{9A19103F-16F7-4668-BE54-9A1E7A4F7556}") = "SFA.DAS.RoatpAdmin.UITests", "SFA.DAS.RoatpAdmin.UITests\SFA.DAS.RoatpAdmin.UITests.csproj", "{D5AF4AA3-447A-4C27-8596-C4BCEA74BFC0}"
EndProject
Project("{9A19103F-16F7-4668-BE54-9A1E7A4F7556}") = "SFA.DAS.ProviderFeedback.UITests", "SFA.DAS.ProviderFeedback.UITests\SFA.DAS.ProviderFeedback.UITests.csproj", "{561FE0AE-E0FD-4140-8E92-1345B6322DFB}"
EndProject
Project("{9A19103F-16F7-4668-BE54-9A1E7A4F7556}") = "SFA.DAS.ApprenticeRedundancy.UITests", "SFA.DAS.ApprenticeRedundancy.UITests\SFA.DAS.ApprenticeRedundancy.UITests.csproj", "{118FEC73-770A-4705-B2CF-7A4C33F59481}"
EndProject
Project("{2150E333-8FDC-42A3-9474-1A3956D46DE8}") = "Solution Items", "Solution Items", "{6E0426D3-BE06-45D9-AE74-262AE19F53A0}"
	ProjectSection(SolutionItems) = preProject
		Parellel.runsettings = Parellel.runsettings
	EndProjectSection
EndProject
Project("{9A19103F-16F7-4668-BE54-9A1E7A4F7556}") = "SFA.DAS.FAT-V2.UITests", "SFA.DAS.FAT-V2.UITests\SFA.DAS.FAT-V2.UITests.csproj", "{CDA2E4CD-D0CF-4239-AE1C-6DBD3563A6A5}"
	ProjectSection(ProjectDependencies) = postProject
		{0B0C470B-9E1B-4A2A-90A6-7E656A6FEE8A} = {0B0C470B-9E1B-4A2A-90A6-7E656A6FEE8A}
		{AFFF6638-BD32-41D3-8CB6-9D10139575D5} = {AFFF6638-BD32-41D3-8CB6-9D10139575D5}
		{9B5AD24F-2BC6-4BEF-AA30-1FA59B897377} = {9B5AD24F-2BC6-4BEF-AA30-1FA59B897377}
	EndProjectSection
EndProject
Global
	GlobalSection(SolutionConfigurationPlatforms) = preSolution
		Debug|Any CPU = Debug|Any CPU
		Development|Any CPU = Development|Any CPU
		Release|Any CPU = Release|Any CPU
	EndGlobalSection
	GlobalSection(ProjectConfigurationPlatforms) = postSolution
		{AFFF6638-BD32-41D3-8CB6-9D10139575D5}.Debug|Any CPU.ActiveCfg = Debug|Any CPU
		{AFFF6638-BD32-41D3-8CB6-9D10139575D5}.Debug|Any CPU.Build.0 = Debug|Any CPU
		{AFFF6638-BD32-41D3-8CB6-9D10139575D5}.Development|Any CPU.ActiveCfg = Development|Any CPU
		{AFFF6638-BD32-41D3-8CB6-9D10139575D5}.Development|Any CPU.Build.0 = Development|Any CPU
		{AFFF6638-BD32-41D3-8CB6-9D10139575D5}.Release|Any CPU.ActiveCfg = Release|Any CPU
		{AFFF6638-BD32-41D3-8CB6-9D10139575D5}.Release|Any CPU.Build.0 = Release|Any CPU
		{707EC22F-0EA2-415E-ABDB-6A101A4922E5}.Debug|Any CPU.ActiveCfg = Debug|Any CPU
		{707EC22F-0EA2-415E-ABDB-6A101A4922E5}.Debug|Any CPU.Build.0 = Debug|Any CPU
		{707EC22F-0EA2-415E-ABDB-6A101A4922E5}.Development|Any CPU.ActiveCfg = Debug|Any CPU
		{707EC22F-0EA2-415E-ABDB-6A101A4922E5}.Development|Any CPU.Build.0 = Debug|Any CPU
		{707EC22F-0EA2-415E-ABDB-6A101A4922E5}.Release|Any CPU.ActiveCfg = Release|Any CPU
		{707EC22F-0EA2-415E-ABDB-6A101A4922E5}.Release|Any CPU.Build.0 = Release|Any CPU
		{F25CA55A-58D3-4E7D-AD87-E71623DE14DE}.Debug|Any CPU.ActiveCfg = Debug|Any CPU
		{F25CA55A-58D3-4E7D-AD87-E71623DE14DE}.Debug|Any CPU.Build.0 = Debug|Any CPU
		{F25CA55A-58D3-4E7D-AD87-E71623DE14DE}.Development|Any CPU.ActiveCfg = Debug|Any CPU
		{F25CA55A-58D3-4E7D-AD87-E71623DE14DE}.Development|Any CPU.Build.0 = Debug|Any CPU
		{F25CA55A-58D3-4E7D-AD87-E71623DE14DE}.Release|Any CPU.ActiveCfg = Release|Any CPU
		{F25CA55A-58D3-4E7D-AD87-E71623DE14DE}.Release|Any CPU.Build.0 = Release|Any CPU
		{B286BCD8-7CEB-40BC-8FEB-4359734AA891}.Debug|Any CPU.ActiveCfg = Debug|Any CPU
		{B286BCD8-7CEB-40BC-8FEB-4359734AA891}.Debug|Any CPU.Build.0 = Debug|Any CPU
		{B286BCD8-7CEB-40BC-8FEB-4359734AA891}.Development|Any CPU.ActiveCfg = Debug|Any CPU
		{B286BCD8-7CEB-40BC-8FEB-4359734AA891}.Development|Any CPU.Build.0 = Debug|Any CPU
		{B286BCD8-7CEB-40BC-8FEB-4359734AA891}.Release|Any CPU.ActiveCfg = Release|Any CPU
		{B286BCD8-7CEB-40BC-8FEB-4359734AA891}.Release|Any CPU.Build.0 = Release|Any CPU
		{AB621F7D-E209-4F98-B4E7-2A155C23A216}.Debug|Any CPU.ActiveCfg = Debug|Any CPU
		{AB621F7D-E209-4F98-B4E7-2A155C23A216}.Debug|Any CPU.Build.0 = Debug|Any CPU
		{AB621F7D-E209-4F98-B4E7-2A155C23A216}.Development|Any CPU.ActiveCfg = Debug|Any CPU
		{AB621F7D-E209-4F98-B4E7-2A155C23A216}.Development|Any CPU.Build.0 = Debug|Any CPU
		{AB621F7D-E209-4F98-B4E7-2A155C23A216}.Release|Any CPU.ActiveCfg = Release|Any CPU
		{AB621F7D-E209-4F98-B4E7-2A155C23A216}.Release|Any CPU.Build.0 = Release|Any CPU
		{AC429705-0AFC-4514-B95D-26132F808BD2}.Debug|Any CPU.ActiveCfg = Debug|Any CPU
		{AC429705-0AFC-4514-B95D-26132F808BD2}.Debug|Any CPU.Build.0 = Debug|Any CPU
		{AC429705-0AFC-4514-B95D-26132F808BD2}.Development|Any CPU.ActiveCfg = Debug|Any CPU
		{AC429705-0AFC-4514-B95D-26132F808BD2}.Development|Any CPU.Build.0 = Debug|Any CPU
		{AC429705-0AFC-4514-B95D-26132F808BD2}.Release|Any CPU.ActiveCfg = Release|Any CPU
		{AC429705-0AFC-4514-B95D-26132F808BD2}.Release|Any CPU.Build.0 = Release|Any CPU
		{A5DE60F5-1566-4A97-AF3A-A67B55492545}.Debug|Any CPU.ActiveCfg = Debug|Any CPU
		{A5DE60F5-1566-4A97-AF3A-A67B55492545}.Debug|Any CPU.Build.0 = Debug|Any CPU
		{A5DE60F5-1566-4A97-AF3A-A67B55492545}.Development|Any CPU.ActiveCfg = Debug|Any CPU
		{A5DE60F5-1566-4A97-AF3A-A67B55492545}.Development|Any CPU.Build.0 = Debug|Any CPU
		{A5DE60F5-1566-4A97-AF3A-A67B55492545}.Release|Any CPU.ActiveCfg = Release|Any CPU
		{A5DE60F5-1566-4A97-AF3A-A67B55492545}.Release|Any CPU.Build.0 = Release|Any CPU
		{E31E62F5-B3E6-4680-9B83-403C2D6446C4}.Debug|Any CPU.ActiveCfg = Debug|Any CPU
		{E31E62F5-B3E6-4680-9B83-403C2D6446C4}.Debug|Any CPU.Build.0 = Debug|Any CPU
		{E31E62F5-B3E6-4680-9B83-403C2D6446C4}.Development|Any CPU.ActiveCfg = Debug|Any CPU
		{E31E62F5-B3E6-4680-9B83-403C2D6446C4}.Development|Any CPU.Build.0 = Debug|Any CPU
		{E31E62F5-B3E6-4680-9B83-403C2D6446C4}.Release|Any CPU.ActiveCfg = Release|Any CPU
		{E31E62F5-B3E6-4680-9B83-403C2D6446C4}.Release|Any CPU.Build.0 = Release|Any CPU
		{44D97E09-88AF-41D3-B3E8-2ED70AE86537}.Debug|Any CPU.ActiveCfg = Debug|Any CPU
		{44D97E09-88AF-41D3-B3E8-2ED70AE86537}.Debug|Any CPU.Build.0 = Debug|Any CPU
		{44D97E09-88AF-41D3-B3E8-2ED70AE86537}.Development|Any CPU.ActiveCfg = Debug|Any CPU
		{44D97E09-88AF-41D3-B3E8-2ED70AE86537}.Development|Any CPU.Build.0 = Debug|Any CPU
		{44D97E09-88AF-41D3-B3E8-2ED70AE86537}.Release|Any CPU.ActiveCfg = Release|Any CPU
		{44D97E09-88AF-41D3-B3E8-2ED70AE86537}.Release|Any CPU.Build.0 = Release|Any CPU
		{7A48F55E-7AC3-49A4-8ECA-CC1E6798E386}.Debug|Any CPU.ActiveCfg = Debug|Any CPU
		{7A48F55E-7AC3-49A4-8ECA-CC1E6798E386}.Debug|Any CPU.Build.0 = Debug|Any CPU
		{7A48F55E-7AC3-49A4-8ECA-CC1E6798E386}.Development|Any CPU.ActiveCfg = Debug|Any CPU
		{7A48F55E-7AC3-49A4-8ECA-CC1E6798E386}.Development|Any CPU.Build.0 = Debug|Any CPU
		{7A48F55E-7AC3-49A4-8ECA-CC1E6798E386}.Release|Any CPU.ActiveCfg = Release|Any CPU
		{7A48F55E-7AC3-49A4-8ECA-CC1E6798E386}.Release|Any CPU.Build.0 = Release|Any CPU
		{FBCC5716-7238-436F-9F53-68B747D6B90C}.Debug|Any CPU.ActiveCfg = Debug|Any CPU
		{FBCC5716-7238-436F-9F53-68B747D6B90C}.Debug|Any CPU.Build.0 = Debug|Any CPU
		{FBCC5716-7238-436F-9F53-68B747D6B90C}.Development|Any CPU.ActiveCfg = Debug|Any CPU
		{FBCC5716-7238-436F-9F53-68B747D6B90C}.Development|Any CPU.Build.0 = Debug|Any CPU
		{FBCC5716-7238-436F-9F53-68B747D6B90C}.Release|Any CPU.ActiveCfg = Release|Any CPU
		{FBCC5716-7238-436F-9F53-68B747D6B90C}.Release|Any CPU.Build.0 = Release|Any CPU
		{86379061-BF96-404F-BB25-0497E760119A}.Debug|Any CPU.ActiveCfg = Debug|Any CPU
		{86379061-BF96-404F-BB25-0497E760119A}.Debug|Any CPU.Build.0 = Debug|Any CPU
		{86379061-BF96-404F-BB25-0497E760119A}.Development|Any CPU.ActiveCfg = Debug|Any CPU
		{86379061-BF96-404F-BB25-0497E760119A}.Development|Any CPU.Build.0 = Debug|Any CPU
		{86379061-BF96-404F-BB25-0497E760119A}.Release|Any CPU.ActiveCfg = Release|Any CPU
		{86379061-BF96-404F-BB25-0497E760119A}.Release|Any CPU.Build.0 = Release|Any CPU
		{0B0C470B-9E1B-4A2A-90A6-7E656A6FEE8A}.Debug|Any CPU.ActiveCfg = Debug|Any CPU
		{0B0C470B-9E1B-4A2A-90A6-7E656A6FEE8A}.Debug|Any CPU.Build.0 = Debug|Any CPU
		{0B0C470B-9E1B-4A2A-90A6-7E656A6FEE8A}.Development|Any CPU.ActiveCfg = Debug|Any CPU
		{0B0C470B-9E1B-4A2A-90A6-7E656A6FEE8A}.Development|Any CPU.Build.0 = Debug|Any CPU
		{0B0C470B-9E1B-4A2A-90A6-7E656A6FEE8A}.Release|Any CPU.ActiveCfg = Release|Any CPU
		{0B0C470B-9E1B-4A2A-90A6-7E656A6FEE8A}.Release|Any CPU.Build.0 = Release|Any CPU
		{10FB2B85-394F-4F16-AA16-9C0EDC757103}.Debug|Any CPU.ActiveCfg = Debug|Any CPU
		{10FB2B85-394F-4F16-AA16-9C0EDC757103}.Debug|Any CPU.Build.0 = Debug|Any CPU
		{10FB2B85-394F-4F16-AA16-9C0EDC757103}.Development|Any CPU.ActiveCfg = Debug|Any CPU
		{10FB2B85-394F-4F16-AA16-9C0EDC757103}.Development|Any CPU.Build.0 = Debug|Any CPU
		{10FB2B85-394F-4F16-AA16-9C0EDC757103}.Release|Any CPU.ActiveCfg = Release|Any CPU
		{10FB2B85-394F-4F16-AA16-9C0EDC757103}.Release|Any CPU.Build.0 = Release|Any CPU
		{F00AD033-7D2F-4E30-AC8E-C25FA577D465}.Debug|Any CPU.ActiveCfg = Debug|Any CPU
		{F00AD033-7D2F-4E30-AC8E-C25FA577D465}.Debug|Any CPU.Build.0 = Debug|Any CPU
		{F00AD033-7D2F-4E30-AC8E-C25FA577D465}.Development|Any CPU.ActiveCfg = Debug|Any CPU
		{F00AD033-7D2F-4E30-AC8E-C25FA577D465}.Development|Any CPU.Build.0 = Debug|Any CPU
		{F00AD033-7D2F-4E30-AC8E-C25FA577D465}.Release|Any CPU.ActiveCfg = Release|Any CPU
		{F00AD033-7D2F-4E30-AC8E-C25FA577D465}.Release|Any CPU.Build.0 = Release|Any CPU
		{A3DF08F3-2C4A-4936-9361-1EE67BF40570}.Debug|Any CPU.ActiveCfg = Debug|Any CPU
		{A3DF08F3-2C4A-4936-9361-1EE67BF40570}.Debug|Any CPU.Build.0 = Debug|Any CPU
		{A3DF08F3-2C4A-4936-9361-1EE67BF40570}.Development|Any CPU.ActiveCfg = Debug|Any CPU
		{A3DF08F3-2C4A-4936-9361-1EE67BF40570}.Development|Any CPU.Build.0 = Debug|Any CPU
		{A3DF08F3-2C4A-4936-9361-1EE67BF40570}.Release|Any CPU.ActiveCfg = Release|Any CPU
		{A3DF08F3-2C4A-4936-9361-1EE67BF40570}.Release|Any CPU.Build.0 = Release|Any CPU
		{E3ACBB12-FF2E-4359-B1E0-ADB092DFB2B6}.Debug|Any CPU.ActiveCfg = Debug|Any CPU
		{E3ACBB12-FF2E-4359-B1E0-ADB092DFB2B6}.Debug|Any CPU.Build.0 = Debug|Any CPU
		{E3ACBB12-FF2E-4359-B1E0-ADB092DFB2B6}.Development|Any CPU.ActiveCfg = Debug|Any CPU
		{E3ACBB12-FF2E-4359-B1E0-ADB092DFB2B6}.Development|Any CPU.Build.0 = Debug|Any CPU
		{E3ACBB12-FF2E-4359-B1E0-ADB092DFB2B6}.Release|Any CPU.ActiveCfg = Release|Any CPU
		{E3ACBB12-FF2E-4359-B1E0-ADB092DFB2B6}.Release|Any CPU.Build.0 = Release|Any CPU
		{EE2D9F19-F39C-41EC-A63C-85104937C6A6}.Debug|Any CPU.ActiveCfg = Debug|Any CPU
		{EE2D9F19-F39C-41EC-A63C-85104937C6A6}.Debug|Any CPU.Build.0 = Debug|Any CPU
		{EE2D9F19-F39C-41EC-A63C-85104937C6A6}.Development|Any CPU.ActiveCfg = Debug|Any CPU
		{EE2D9F19-F39C-41EC-A63C-85104937C6A6}.Development|Any CPU.Build.0 = Debug|Any CPU
		{EE2D9F19-F39C-41EC-A63C-85104937C6A6}.Release|Any CPU.ActiveCfg = Release|Any CPU
		{EE2D9F19-F39C-41EC-A63C-85104937C6A6}.Release|Any CPU.Build.0 = Release|Any CPU
		{CB73B0EC-E0B7-4586-99E3-ADBE71CD2219}.Debug|Any CPU.ActiveCfg = Debug|Any CPU
		{CB73B0EC-E0B7-4586-99E3-ADBE71CD2219}.Debug|Any CPU.Build.0 = Debug|Any CPU
		{CB73B0EC-E0B7-4586-99E3-ADBE71CD2219}.Development|Any CPU.ActiveCfg = Debug|Any CPU
		{CB73B0EC-E0B7-4586-99E3-ADBE71CD2219}.Development|Any CPU.Build.0 = Debug|Any CPU
		{CB73B0EC-E0B7-4586-99E3-ADBE71CD2219}.Release|Any CPU.ActiveCfg = Release|Any CPU
		{CB73B0EC-E0B7-4586-99E3-ADBE71CD2219}.Release|Any CPU.Build.0 = Release|Any CPU
		{88DA7118-3A27-4CA2-B1C4-71B9422D7EF3}.Debug|Any CPU.ActiveCfg = Debug|Any CPU
		{88DA7118-3A27-4CA2-B1C4-71B9422D7EF3}.Debug|Any CPU.Build.0 = Debug|Any CPU
		{88DA7118-3A27-4CA2-B1C4-71B9422D7EF3}.Development|Any CPU.ActiveCfg = Debug|Any CPU
		{88DA7118-3A27-4CA2-B1C4-71B9422D7EF3}.Development|Any CPU.Build.0 = Debug|Any CPU
		{88DA7118-3A27-4CA2-B1C4-71B9422D7EF3}.Release|Any CPU.ActiveCfg = Release|Any CPU
		{88DA7118-3A27-4CA2-B1C4-71B9422D7EF3}.Release|Any CPU.Build.0 = Release|Any CPU
		{A0756E1D-EA78-40B2-8A50-B9CC0FDA4FB1}.Debug|Any CPU.ActiveCfg = Debug|Any CPU
		{A0756E1D-EA78-40B2-8A50-B9CC0FDA4FB1}.Debug|Any CPU.Build.0 = Debug|Any CPU
		{A0756E1D-EA78-40B2-8A50-B9CC0FDA4FB1}.Development|Any CPU.ActiveCfg = Debug|Any CPU
		{A0756E1D-EA78-40B2-8A50-B9CC0FDA4FB1}.Development|Any CPU.Build.0 = Debug|Any CPU
		{A0756E1D-EA78-40B2-8A50-B9CC0FDA4FB1}.Release|Any CPU.ActiveCfg = Release|Any CPU
		{A0756E1D-EA78-40B2-8A50-B9CC0FDA4FB1}.Release|Any CPU.Build.0 = Release|Any CPU
		{79AF36C8-C911-4D01-9554-C2AEB2744B3E}.Debug|Any CPU.ActiveCfg = Debug|Any CPU
		{79AF36C8-C911-4D01-9554-C2AEB2744B3E}.Debug|Any CPU.Build.0 = Debug|Any CPU
		{79AF36C8-C911-4D01-9554-C2AEB2744B3E}.Development|Any CPU.ActiveCfg = Debug|Any CPU
		{79AF36C8-C911-4D01-9554-C2AEB2744B3E}.Development|Any CPU.Build.0 = Debug|Any CPU
		{79AF36C8-C911-4D01-9554-C2AEB2744B3E}.Release|Any CPU.ActiveCfg = Release|Any CPU
		{79AF36C8-C911-4D01-9554-C2AEB2744B3E}.Release|Any CPU.Build.0 = Release|Any CPU
		{E124937A-9FA3-495B-8FE4-B5771EC27726}.Debug|Any CPU.ActiveCfg = Debug|Any CPU
		{E124937A-9FA3-495B-8FE4-B5771EC27726}.Debug|Any CPU.Build.0 = Debug|Any CPU
		{E124937A-9FA3-495B-8FE4-B5771EC27726}.Development|Any CPU.ActiveCfg = Debug|Any CPU
		{E124937A-9FA3-495B-8FE4-B5771EC27726}.Development|Any CPU.Build.0 = Debug|Any CPU
		{E124937A-9FA3-495B-8FE4-B5771EC27726}.Release|Any CPU.ActiveCfg = Release|Any CPU
		{E124937A-9FA3-495B-8FE4-B5771EC27726}.Release|Any CPU.Build.0 = Release|Any CPU
		{9B5AD24F-2BC6-4BEF-AA30-1FA59B897377}.Debug|Any CPU.ActiveCfg = Debug|Any CPU
		{9B5AD24F-2BC6-4BEF-AA30-1FA59B897377}.Debug|Any CPU.Build.0 = Debug|Any CPU
		{9B5AD24F-2BC6-4BEF-AA30-1FA59B897377}.Development|Any CPU.ActiveCfg = Debug|Any CPU
		{9B5AD24F-2BC6-4BEF-AA30-1FA59B897377}.Development|Any CPU.Build.0 = Debug|Any CPU
		{9B5AD24F-2BC6-4BEF-AA30-1FA59B897377}.Release|Any CPU.ActiveCfg = Release|Any CPU
		{9B5AD24F-2BC6-4BEF-AA30-1FA59B897377}.Release|Any CPU.Build.0 = Release|Any CPU
		{D5AF4AA3-447A-4C27-8596-C4BCEA74BFC0}.Debug|Any CPU.ActiveCfg = Debug|Any CPU
		{D5AF4AA3-447A-4C27-8596-C4BCEA74BFC0}.Debug|Any CPU.Build.0 = Debug|Any CPU
		{D5AF4AA3-447A-4C27-8596-C4BCEA74BFC0}.Development|Any CPU.ActiveCfg = Debug|Any CPU
		{D5AF4AA3-447A-4C27-8596-C4BCEA74BFC0}.Development|Any CPU.Build.0 = Debug|Any CPU
		{D5AF4AA3-447A-4C27-8596-C4BCEA74BFC0}.Release|Any CPU.ActiveCfg = Release|Any CPU
		{D5AF4AA3-447A-4C27-8596-C4BCEA74BFC0}.Release|Any CPU.Build.0 = Release|Any CPU
		{561FE0AE-E0FD-4140-8E92-1345B6322DFB}.Debug|Any CPU.ActiveCfg = Debug|Any CPU
		{561FE0AE-E0FD-4140-8E92-1345B6322DFB}.Debug|Any CPU.Build.0 = Debug|Any CPU
		{561FE0AE-E0FD-4140-8E92-1345B6322DFB}.Development|Any CPU.ActiveCfg = Debug|Any CPU
		{561FE0AE-E0FD-4140-8E92-1345B6322DFB}.Development|Any CPU.Build.0 = Debug|Any CPU
		{561FE0AE-E0FD-4140-8E92-1345B6322DFB}.Release|Any CPU.ActiveCfg = Release|Any CPU
		{561FE0AE-E0FD-4140-8E92-1345B6322DFB}.Release|Any CPU.Build.0 = Release|Any CPU
		{118FEC73-770A-4705-B2CF-7A4C33F59481}.Debug|Any CPU.ActiveCfg = Debug|Any CPU
		{118FEC73-770A-4705-B2CF-7A4C33F59481}.Debug|Any CPU.Build.0 = Debug|Any CPU
		{118FEC73-770A-4705-B2CF-7A4C33F59481}.Development|Any CPU.ActiveCfg = Debug|Any CPU
		{118FEC73-770A-4705-B2CF-7A4C33F59481}.Development|Any CPU.Build.0 = Debug|Any CPU
		{118FEC73-770A-4705-B2CF-7A4C33F59481}.Release|Any CPU.ActiveCfg = Release|Any CPU
		{118FEC73-770A-4705-B2CF-7A4C33F59481}.Release|Any CPU.Build.0 = Release|Any CPU
		{CDA2E4CD-D0CF-4239-AE1C-6DBD3563A6A5}.Debug|Any CPU.ActiveCfg = Debug|Any CPU
		{CDA2E4CD-D0CF-4239-AE1C-6DBD3563A6A5}.Debug|Any CPU.Build.0 = Debug|Any CPU
		{CDA2E4CD-D0CF-4239-AE1C-6DBD3563A6A5}.Development|Any CPU.ActiveCfg = Debug|Any CPU
		{CDA2E4CD-D0CF-4239-AE1C-6DBD3563A6A5}.Development|Any CPU.Build.0 = Debug|Any CPU
		{CDA2E4CD-D0CF-4239-AE1C-6DBD3563A6A5}.Release|Any CPU.ActiveCfg = Release|Any CPU
		{CDA2E4CD-D0CF-4239-AE1C-6DBD3563A6A5}.Release|Any CPU.Build.0 = Release|Any CPU
	EndGlobalSection
	GlobalSection(SolutionProperties) = preSolution
		HideSolutionNode = FALSE
	EndGlobalSection
	GlobalSection(NestedProjects) = preSolution
		{AFFF6638-BD32-41D3-8CB6-9D10139575D5} = {FC4EA916-845D-4BCB-9F27-F95C653AB289}
		{707EC22F-0EA2-415E-ABDB-6A101A4922E5} = {FC4EA916-845D-4BCB-9F27-F95C653AB289}
		{AB621F7D-E209-4F98-B4E7-2A155C23A216} = {6CBA241C-2191-4B98-9FBD-E493554506AD}
		{86379061-BF96-404F-BB25-0497E760119A} = {6CBA241C-2191-4B98-9FBD-E493554506AD}
		{0B0C470B-9E1B-4A2A-90A6-7E656A6FEE8A} = {FC4EA916-845D-4BCB-9F27-F95C653AB289}
		{10FB2B85-394F-4F16-AA16-9C0EDC757103} = {6CBA241C-2191-4B98-9FBD-E493554506AD}
		{E3ACBB12-FF2E-4359-B1E0-ADB092DFB2B6} = {47528102-1EF0-4800-9DA4-B0BA5199E006}
		{EE2D9F19-F39C-41EC-A63C-85104937C6A6} = {47528102-1EF0-4800-9DA4-B0BA5199E006}
		{CB73B0EC-E0B7-4586-99E3-ADBE71CD2219} = {47528102-1EF0-4800-9DA4-B0BA5199E006}
		{A0756E1D-EA78-40B2-8A50-B9CC0FDA4FB1} = {47528102-1EF0-4800-9DA4-B0BA5199E006}
		{9B5AD24F-2BC6-4BEF-AA30-1FA59B897377} = {FC4EA916-845D-4BCB-9F27-F95C653AB289}
	EndGlobalSection
	GlobalSection(ExtensibilityGlobals) = postSolution
		SolutionGuid = {4B7E7F47-C08F-4B67-BB6A-FFCED573D7BF}
	EndGlobalSection
EndGlobal
